
Microsoft Visual Studio Solution File, Format Version 12.00
# Visual Studio Version 17
VisualStudioVersion = 17.3.32922.545
MinimumVisualStudioVersion = 10.0.40219.1
Project("{FAE04EC0-301F-11D3-BF4B-00C04F79EFBC}") = "FondamentiCSharp", "FondamentiCSharp\FondamentiCSharp.csproj", "{E95205CA-147D-44A7-9BE1-A06339FFF48C}"
EndProject
Project("{FAE04EC0-301F-11D3-BF4B-00C04F79EFBC}") = "Cicli", "Cicli\Cicli.csproj", "{94A006C1-5C50-4915-98C6-9350F2F167BB}"
EndProject
Project("{FAE04EC0-301F-11D3-BF4B-00C04F79EFBC}") = "TriangoloSx", "TriangoloSx\TriangoloSx.csproj", "{6D3917D8-B8E5-46BC-99E0-E36264433DC8}"
EndProject
Project("{FAE04EC0-301F-11D3-BF4B-00C04F79EFBC}") = "TriangoloDx", "TriangoloDx\TriangoloDx.csproj", "{D5E0261E-5680-494B-BA5C-ADCCFF076CCC}"
EndProject
Project("{FAE04EC0-301F-11D3-BF4B-00C04F79EFBC}") = "Clessidra", "Clessidra\Clessidra.csproj", "{ABC968F1-CD5E-4646-BD7C-01CEFD9F538C}"
EndProject
Project("{FAE04EC0-301F-11D3-BF4B-00C04F79EFBC}") = "Eratostene", "Eratostene\Eratostene.csproj", "{96E4907F-A672-460F-8761-E6A291552943}"
EndProject
Project("{FAE04EC0-301F-11D3-BF4B-00C04F79EFBC}") = "Stringhe", "Stringhe\Stringhe.csproj", "{B715FDD1-A8F8-419B-A657-123E7D9FE4FF}"
EndProject
Project("{FAE04EC0-301F-11D3-BF4B-00C04F79EFBC}") = "Classi", "Classi\Classi.csproj", "{2BFFFFEC-AF1C-4502-9716-F84C3746EB61}"
EndProject
Project("{FAE04EC0-301F-11D3-BF4B-00C04F79EFBC}") = "RefType", "RefType\RefType.csproj", "{846383F3-4914-4786-936F-A7E01EF6300C}"
EndProject
Project("{FAE04EC0-301F-11D3-BF4B-00C04F79EFBC}") = "OOP", "OOP\OOP.csproj", "{3967415E-CD76-49A9-B218-742E8D408FC3}"
EndProject
Global
	GlobalSection(SolutionConfigurationPlatforms) = preSolution
		Debug|Any CPU = Debug|Any CPU
		Release|Any CPU = Release|Any CPU
	EndGlobalSection
	GlobalSection(ProjectConfigurationPlatforms) = postSolution
		{E95205CA-147D-44A7-9BE1-A06339FFF48C}.Debug|Any CPU.ActiveCfg = Debug|Any CPU
		{E95205CA-147D-44A7-9BE1-A06339FFF48C}.Debug|Any CPU.Build.0 = Debug|Any CPU
		{E95205CA-147D-44A7-9BE1-A06339FFF48C}.Release|Any CPU.ActiveCfg = Release|Any CPU
		{E95205CA-147D-44A7-9BE1-A06339FFF48C}.Release|Any CPU.Build.0 = Release|Any CPU
		{94A006C1-5C50-4915-98C6-9350F2F167BB}.Debug|Any CPU.ActiveCfg = Debug|Any CPU
		{94A006C1-5C50-4915-98C6-9350F2F167BB}.Debug|Any CPU.Build.0 = Debug|Any CPU
		{94A006C1-5C50-4915-98C6-9350F2F167BB}.Release|Any CPU.ActiveCfg = Release|Any CPU
		{94A006C1-5C50-4915-98C6-9350F2F167BB}.Release|Any CPU.Build.0 = Release|Any CPU
		{6D3917D8-B8E5-46BC-99E0-E36264433DC8}.Debug|Any CPU.ActiveCfg = Debug|Any CPU
		{6D3917D8-B8E5-46BC-99E0-E36264433DC8}.Debug|Any CPU.Build.0 = Debug|Any CPU
		{6D3917D8-B8E5-46BC-99E0-E36264433DC8}.Release|Any CPU.ActiveCfg = Release|Any CPU
		{6D3917D8-B8E5-46BC-99E0-E36264433DC8}.Release|Any CPU.Build.0 = Release|Any CPU
		{D5E0261E-5680-494B-BA5C-ADCCFF076CCC}.Debug|Any CPU.ActiveCfg = Debug|Any CPU
		{D5E0261E-5680-494B-BA5C-ADCCFF076CCC}.Debug|Any CPU.Build.0 = Debug|Any CPU
		{D5E0261E-5680-494B-BA5C-ADCCFF076CCC}.Release|Any CPU.ActiveCfg = Release|Any CPU
		{D5E0261E-5680-494B-BA5C-ADCCFF076CCC}.Release|Any CPU.Build.0 = Release|Any CPU
		{ABC968F1-CD5E-4646-BD7C-01CEFD9F538C}.Debug|Any CPU.ActiveCfg = Debug|Any CPU
		{ABC968F1-CD5E-4646-BD7C-01CEFD9F538C}.Debug|Any CPU.Build.0 = Debug|Any CPU
		{ABC968F1-CD5E-4646-BD7C-01CEFD9F538C}.Release|Any CPU.ActiveCfg = Release|Any CPU
		{ABC968F1-CD5E-4646-BD7C-01CEFD9F538C}.Release|Any CPU.Build.0 = Release|Any CPU
		{96E4907F-A672-460F-8761-E6A291552943}.Debug|Any CPU.ActiveCfg = Debug|Any CPU
		{96E4907F-A672-460F-8761-E6A291552943}.Debug|Any CPU.Build.0 = Debug|Any CPU
		{96E4907F-A672-460F-8761-E6A291552943}.Release|Any CPU.ActiveCfg = Release|Any CPU
		{96E4907F-A672-460F-8761-E6A291552943}.Release|Any CPU.Build.0 = Release|Any CPU
		{B715FDD1-A8F8-419B-A657-123E7D9FE4FF}.Debug|Any CPU.ActiveCfg = Debug|Any CPU
		{B715FDD1-A8F8-419B-A657-123E7D9FE4FF}.Debug|Any CPU.Build.0 = Debug|Any CPU
		{B715FDD1-A8F8-419B-A657-123E7D9FE4FF}.Release|Any CPU.ActiveCfg = Release|Any CPU
		{B715FDD1-A8F8-419B-A657-123E7D9FE4FF}.Release|Any CPU.Build.0 = Release|Any CPU
		{2BFFFFEC-AF1C-4502-9716-F84C3746EB61}.Debug|Any CPU.ActiveCfg = Debug|Any CPU
		{2BFFFFEC-AF1C-4502-9716-F84C3746EB61}.Debug|Any CPU.Build.0 = Debug|Any CPU
		{2BFFFFEC-AF1C-4502-9716-F84C3746EB61}.Release|Any CPU.ActiveCfg = Release|Any CPU
		{2BFFFFEC-AF1C-4502-9716-F84C3746EB61}.Release|Any CPU.Build.0 = Release|Any CPU
		{846383F3-4914-4786-936F-A7E01EF6300C}.Debug|Any CPU.ActiveCfg = Debug|Any CPU
		{846383F3-4914-4786-936F-A7E01EF6300C}.Debug|Any CPU.Build.0 = Debug|Any CPU
		{846383F3-4914-4786-936F-A7E01EF6300C}.Release|Any CPU.ActiveCfg = Release|Any CPU
		{846383F3-4914-4786-936F-A7E01EF6300C}.Release|Any CPU.Build.0 = Release|Any CPU
		{3967415E-CD76-49A9-B218-742E8D408FC3}.Debug|Any CPU.ActiveCfg = Debug|Any CPU
		{3967415E-CD76-49A9-B218-742E8D408FC3}.Debug|Any CPU.Build.0 = Debug|Any CPU
		{3967415E-CD76-49A9-B218-742E8D408FC3}.Release|Any CPU.ActiveCfg = Release|Any CPU
		{3967415E-CD76-49A9-B218-742E8D408FC3}.Release|Any CPU.Build.0 = Release|Any CPU
	EndGlobalSection
	GlobalSection(SolutionProperties) = preSolution
		HideSolutionNode = FALSE
	EndGlobalSection
	GlobalSection(ExtensibilityGlobals) = postSolution
		SolutionGuid = {D803FA34-70A2-4BC1-8AF2-764DCC9E5349}
	EndGlobalSection
EndGlobal
